// !$*UTF8*$!
{
	archiveVersion = 1;
	classes = {
	};
	objectVersion = 77;
	objects = {

/* Begin PBXBuildFile section */
		2FD9631F2CEF8FC3002C4570 /* ParseLiveQuery in Frameworks */ = {isa = PBXBuildFile; productRef = 2FD9631E2CEF8FC3002C4570 /* ParseLiveQuery */; };
		2FD963212CEF8FC3002C4570 /* ParseObjC in Frameworks */ = {isa = PBXBuildFile; productRef = 2FD963202CEF8FC3002C4570 /* ParseObjC */; };
		2FD963902CEFCFBC002C4570 /* FlowStacks in Frameworks */ = {isa = PBXBuildFile; productRef = 2FD9638F2CEFCFBC002C4570 /* FlowStacks */; };
/* End PBXBuildFile section */

/* Begin PBXContainerItemProxy section */
		2F42592E2CEF8714007D3CC0 /* PBXContainerItemProxy */ = {
			isa = PBXContainerItemProxy;
			containerPortal = 2F4259152CEF8710007D3CC0 /* Project object */;
			proxyType = 1;
			remoteGlobalIDString = 2F42591C2CEF8710007D3CC0;
			remoteInfo = "Examen Moviles";
		};
		2F4259382CEF8714007D3CC0 /* PBXContainerItemProxy */ = {
			isa = PBXContainerItemProxy;
			containerPortal = 2F4259152CEF8710007D3CC0 /* Project object */;
			proxyType = 1;
			remoteGlobalIDString = 2F42591C2CEF8710007D3CC0;
			remoteInfo = "Examen Moviles";
		};
/* End PBXContainerItemProxy section */

/* Begin PBXFileReference section */
		2F42591D2CEF8710007D3CC0 /* Examen Moviles.app */ = {isa = PBXFileReference; explicitFileType = wrapper.application; includeInIndex = 0; path = "Examen Moviles.app"; sourceTree = BUILT_PRODUCTS_DIR; };
		2F42592D2CEF8714007D3CC0 /* Examen MovilesTests.xctest */ = {isa = PBXFileReference; explicitFileType = wrapper.cfbundle; includeInIndex = 0; path = "Examen MovilesTests.xctest"; sourceTree = BUILT_PRODUCTS_DIR; };
		2F4259372CEF8714007D3CC0 /* Examen MovilesUITests.xctest */ = {isa = PBXFileReference; explicitFileType = wrapper.cfbundle; includeInIndex = 0; path = "Examen MovilesUITests.xctest"; sourceTree = BUILT_PRODUCTS_DIR; };
/* End PBXFileReference section */

/* Begin PBXFileSystemSynchronizedRootGroup section */
		2F42591F2CEF8710007D3CC0 /* Examen Moviles */ = {
			isa = PBXFileSystemSynchronizedRootGroup;
			path = "Examen Moviles";
			sourceTree = "<group>";
		};
		2F4259302CEF8714007D3CC0 /* Examen MovilesTests */ = {
			isa = PBXFileSystemSynchronizedRootGroup;
			path = "Examen MovilesTests";
			sourceTree = "<group>";
		};
		2F42593A2CEF8714007D3CC0 /* Examen MovilesUITests */ = {
			isa = PBXFileSystemSynchronizedRootGroup;
			path = "Examen MovilesUITests";
			sourceTree = "<group>";
		};
/* End PBXFileSystemSynchronizedRootGroup section */

/* Begin PBXFrameworksBuildPhase section */
		2F42591A2CEF8710007D3CC0 /* Frameworks */ = {
			isa = PBXFrameworksBuildPhase;
			buildActionMask = 2147483647;
			files = (
				2FD963212CEF8FC3002C4570 /* ParseObjC in Frameworks */,
				2FD9631F2CEF8FC3002C4570 /* ParseLiveQuery in Frameworks */,
				2FD963902CEFCFBC002C4570 /* FlowStacks in Frameworks */,
			);
			runOnlyForDeploymentPostprocessing = 0;
		};
		2F42592A2CEF8714007D3CC0 /* Frameworks */ = {
			isa = PBXFrameworksBuildPhase;
			buildActionMask = 2147483647;
			files = (
			);
			runOnlyForDeploymentPostprocessing = 0;
		};
		2F4259342CEF8714007D3CC0 /* Frameworks */ = {
			isa = PBXFrameworksBuildPhase;
			buildActionMask = 2147483647;
			files = (
			);
			runOnlyForDeploymentPostprocessing = 0;
		};
/* End PBXFrameworksBuildPhase section */

/* Begin PBXGroup section */
		2F4259142CEF8710007D3CC0 = {
			isa = PBXGroup;
			children = (
				2F42591F2CEF8710007D3CC0 /* Examen Moviles */,
				2F4259302CEF8714007D3CC0 /* Examen MovilesTests */,
				2F42593A2CEF8714007D3CC0 /* Examen MovilesUITests */,
				2F42591E2CEF8710007D3CC0 /* Products */,
			);
			sourceTree = "<group>";
		};
		2F42591E2CEF8710007D3CC0 /* Products */ = {
			isa = PBXGroup;
			children = (
				2F42591D2CEF8710007D3CC0 /* Examen Moviles.app */,
				2F42592D2CEF8714007D3CC0 /* Examen MovilesTests.xctest */,
				2F4259372CEF8714007D3CC0 /* Examen MovilesUITests.xctest */,
			);
			name = Products;
			sourceTree = "<group>";
		};
/* End PBXGroup section */

/* Begin PBXNativeTarget section */
		2F42591C2CEF8710007D3CC0 /* Examen Moviles */ = {
			isa = PBXNativeTarget;
			buildConfigurationList = 2F4259412CEF8714007D3CC0 /* Build configuration list for PBXNativeTarget "Examen Moviles" */;
			buildPhases = (
				2F4259192CEF8710007D3CC0 /* Sources */,
				2F42591A2CEF8710007D3CC0 /* Frameworks */,
				2F42591B2CEF8710007D3CC0 /* Resources */,
			);
			buildRules = (
			);
			dependencies = (
			);
			fileSystemSynchronizedGroups = (
				2F42591F2CEF8710007D3CC0 /* Examen Moviles */,
			);
			name = "Examen Moviles";
			packageProductDependencies = (
				2FD9631E2CEF8FC3002C4570 /* ParseLiveQuery */,
				2FD963202CEF8FC3002C4570 /* ParseObjC */,
				2FD9638F2CEFCFBC002C4570 /* FlowStacks */,
			);
			productName = "Examen Moviles";
			productReference = 2F42591D2CEF8710007D3CC0 /* Examen Moviles.app */;
			productType = "com.apple.product-type.application";
		};
		2F42592C2CEF8714007D3CC0 /* Examen MovilesTests */ = {
			isa = PBXNativeTarget;
			buildConfigurationList = 2F4259442CEF8714007D3CC0 /* Build configuration list for PBXNativeTarget "Examen MovilesTests" */;
			buildPhases = (
				2F4259292CEF8714007D3CC0 /* Sources */,
				2F42592A2CEF8714007D3CC0 /* Frameworks */,
				2F42592B2CEF8714007D3CC0 /* Resources */,
			);
			buildRules = (
			);
			dependencies = (
				2F42592F2CEF8714007D3CC0 /* PBXTargetDependency */,
			);
			fileSystemSynchronizedGroups = (
				2F4259302CEF8714007D3CC0 /* Examen MovilesTests */,
			);
			name = "Examen MovilesTests";
			packageProductDependencies = (
			);
			productName = "Examen MovilesTests";
			productReference = 2F42592D2CEF8714007D3CC0 /* Examen MovilesTests.xctest */;
			productType = "com.apple.product-type.bundle.unit-test";
		};
		2F4259362CEF8714007D3CC0 /* Examen MovilesUITests */ = {
			isa = PBXNativeTarget;
			buildConfigurationList = 2F4259472CEF8714007D3CC0 /* Build configuration list for PBXNativeTarget "Examen MovilesUITests" */;
			buildPhases = (
				2F4259332CEF8714007D3CC0 /* Sources */,
				2F4259342CEF8714007D3CC0 /* Frameworks */,
				2F4259352CEF8714007D3CC0 /* Resources */,
			);
			buildRules = (
			);
			dependencies = (
				2F4259392CEF8714007D3CC0 /* PBXTargetDependency */,
			);
			fileSystemSynchronizedGroups = (
				2F42593A2CEF8714007D3CC0 /* Examen MovilesUITests */,
			);
			name = "Examen MovilesUITests";
			packageProductDependencies = (
			);
			productName = "Examen MovilesUITests";
			productReference = 2F4259372CEF8714007D3CC0 /* Examen MovilesUITests.xctest */;
			productType = "com.apple.product-type.bundle.ui-testing";
		};
/* End PBXNativeTarget section */

/* Begin PBXProject section */
		2F4259152CEF8710007D3CC0 /* Project object */ = {
			isa = PBXProject;
			attributes = {
				BuildIndependentTargetsInParallel = 1;
				LastSwiftUpdateCheck = 1600;
				LastUpgradeCheck = 1600;
				TargetAttributes = {
					2F42591C2CEF8710007D3CC0 = {
						CreatedOnToolsVersion = 16.0;
					};
					2F42592C2CEF8714007D3CC0 = {
						CreatedOnToolsVersion = 16.0;
						TestTargetID = 2F42591C2CEF8710007D3CC0;
					};
					2F4259362CEF8714007D3CC0 = {
						CreatedOnToolsVersion = 16.0;
						TestTargetID = 2F42591C2CEF8710007D3CC0;
					};
				};
			};
			buildConfigurationList = 2F4259182CEF8710007D3CC0 /* Build configuration list for PBXProject "Examen Moviles" */;
			developmentRegion = en;
			hasScannedForEncodings = 0;
			knownRegions = (
				en,
				Base,
			);
			mainGroup = 2F4259142CEF8710007D3CC0;
			minimizedProjectReferenceProxies = 1;
			packageReferences = (
				2FD9631D2CEF8FC3002C4570 /* XCRemoteSwiftPackageReference "Parse-SDK-iOS-OSX" */,
				2FD9638E2CEFCFBC002C4570 /* XCRemoteSwiftPackageReference "FlowStacks" */,
			);
			preferredProjectObjectVersion = 77;
			productRefGroup = 2F42591E2CEF8710007D3CC0 /* Products */;
			projectDirPath = "";
			projectRoot = "";
			targets = (
				2F42591C2CEF8710007D3CC0 /* Examen Moviles */,
				2F42592C2CEF8714007D3CC0 /* Examen MovilesTests */,
				2F4259362CEF8714007D3CC0 /* Examen MovilesUITests */,
			);
		};
/* End PBXProject section */

/* Begin PBXResourcesBuildPhase section */
		2F42591B2CEF8710007D3CC0 /* Resources */ = {
			isa = PBXResourcesBuildPhase;
			buildActionMask = 2147483647;
			files = (
			);
			runOnlyForDeploymentPostprocessing = 0;
		};
		2F42592B2CEF8714007D3CC0 /* Resources */ = {
			isa = PBXResourcesBuildPhase;
			buildActionMask = 2147483647;
			files = (
			);
			runOnlyForDeploymentPostprocessing = 0;
		};
		2F4259352CEF8714007D3CC0 /* Resources */ = {
			isa = PBXResourcesBuildPhase;
			buildActionMask = 2147483647;
			files = (
			);
			runOnlyForDeploymentPostprocessing = 0;
		};
/* End PBXResourcesBuildPhase section */

/* Begin PBXSourcesBuildPhase section */
		2F4259192CEF8710007D3CC0 /* Sources */ = {
			isa = PBXSourcesBuildPhase;
			buildActionMask = 2147483647;
			files = (
			);
			runOnlyForDeploymentPostprocessing = 0;
		};
		2F4259292CEF8714007D3CC0 /* Sources */ = {
			isa = PBXSourcesBuildPhase;
			buildActionMask = 2147483647;
			files = (
			);
			runOnlyForDeploymentPostprocessing = 0;
		};
		2F4259332CEF8714007D3CC0 /* Sources */ = {
			isa = PBXSourcesBuildPhase;
			buildActionMask = 2147483647;
			files = (
			);
			runOnlyForDeploymentPostprocessing = 0;
		};
/* End PBXSourcesBuildPhase section */

/* Begin PBXTargetDependency section */
		2F42592F2CEF8714007D3CC0 /* PBXTargetDependency */ = {
			isa = PBXTargetDependency;
			target = 2F42591C2CEF8710007D3CC0 /* Examen Moviles */;
			targetProxy = 2F42592E2CEF8714007D3CC0 /* PBXContainerItemProxy */;
		};
		2F4259392CEF8714007D3CC0 /* PBXTargetDependency */ = {
			isa = PBXTargetDependency;
			target = 2F42591C2CEF8710007D3CC0 /* Examen Moviles */;
			targetProxy = 2F4259382CEF8714007D3CC0 /* PBXContainerItemProxy */;
		};
/* End PBXTargetDependency section */

/* Begin XCBuildConfiguration section */
		2F42593F2CEF8714007D3CC0 /* Debug */ = {
			isa = XCBuildConfiguration;
			buildSettings = {
				ALWAYS_SEARCH_USER_PATHS = NO;
				ASSETCATALOG_COMPILER_GENERATE_SWIFT_ASSET_SYMBOL_EXTENSIONS = YES;
				CLANG_ANALYZER_NONNULL = YES;
				CLANG_ANALYZER_NUMBER_OBJECT_CONVERSION = YES_AGGRESSIVE;
				CLANG_CXX_LANGUAGE_STANDARD = "gnu++20";
				CLANG_ENABLE_MODULES = YES;
				CLANG_ENABLE_OBJC_ARC = YES;
				CLANG_ENABLE_OBJC_WEAK = YES;
				CLANG_WARN_BLOCK_CAPTURE_AUTORELEASING = YES;
				CLANG_WARN_BOOL_CONVERSION = YES;
				CLANG_WARN_COMMA = YES;
				CLANG_WARN_CONSTANT_CONVERSION = YES;
				CLANG_WARN_DEPRECATED_OBJC_IMPLEMENTATIONS = YES;
				CLANG_WARN_DIRECT_OBJC_ISA_USAGE = YES_ERROR;
				CLANG_WARN_DOCUMENTATION_COMMENTS = YES;
				CLANG_WARN_EMPTY_BODY = YES;
				CLANG_WARN_ENUM_CONVERSION = YES;
				CLANG_WARN_INFINITE_RECURSION = YES;
				CLANG_WARN_INT_CONVERSION = YES;
				CLANG_WARN_NON_LITERAL_NULL_CONVERSION = YES;
				CLANG_WARN_OBJC_IMPLICIT_RETAIN_SELF = YES;
				CLANG_WARN_OBJC_LITERAL_CONVERSION = YES;
				CLANG_WARN_OBJC_ROOT_CLASS = YES_ERROR;
				CLANG_WARN_QUOTED_INCLUDE_IN_FRAMEWORK_HEADER = YES;
				CLANG_WARN_RANGE_LOOP_ANALYSIS = YES;
				CLANG_WARN_STRICT_PROTOTYPES = YES;
				CLANG_WARN_SUSPICIOUS_MOVE = YES;
				CLANG_WARN_UNGUARDED_AVAILABILITY = YES_AGGRESSIVE;
				CLANG_WARN_UNREACHABLE_CODE = YES;
				CLANG_WARN__DUPLICATE_METHOD_MATCH = YES;
				COPY_PHASE_STRIP = NO;
				DEBUG_INFORMATION_FORMAT = dwarf;
				ENABLE_STRICT_OBJC_MSGSEND = YES;
				ENABLE_TESTABILITY = YES;
				ENABLE_USER_SCRIPT_SANDBOXING = YES;
				GCC_C_LANGUAGE_STANDARD = gnu17;
				GCC_DYNAMIC_NO_PIC = NO;
				GCC_NO_COMMON_BLOCKS = YES;
				GCC_OPTIMIZATION_LEVEL = 0;
				GCC_PREPROCESSOR_DEFINITIONS = (
					"DEBUG=1",
					"$(inherited)",
				);
				GCC_WARN_64_TO_32_BIT_CONVERSION = YES;
				GCC_WARN_ABOUT_RETURN_TYPE = YES_ERROR;
				GCC_WARN_UNDECLARED_SELECTOR = YES;
				GCC_WARN_UNINITIALIZED_AUTOS = YES_AGGRESSIVE;
				GCC_WARN_UNUSED_FUNCTION = YES;
				GCC_WARN_UNUSED_VARIABLE = YES;
				IPHONEOS_DEPLOYMENT_TARGET = 18.0;
				LOCALIZATION_PREFERS_STRING_CATALOGS = YES;
				MTL_ENABLE_DEBUG_INFO = INCLUDE_SOURCE;
				MTL_FAST_MATH = YES;
				ONLY_ACTIVE_ARCH = YES;
				SDKROOT = iphoneos;
				SWIFT_ACTIVE_COMPILATION_CONDITIONS = "DEBUG $(inherited)";
				SWIFT_OPTIMIZATION_LEVEL = "-Onone";
			};
			name = Debug;
		};
		2F4259402CEF8714007D3CC0 /* Release */ = {
			isa = XCBuildConfiguration;
			buildSettings = {
				ALWAYS_SEARCH_USER_PATHS = NO;
				ASSETCATALOG_COMPILER_GENERATE_SWIFT_ASSET_SYMBOL_EXTENSIONS = YES;
				CLANG_ANALYZER_NONNULL = YES;
				CLANG_ANALYZER_NUMBER_OBJECT_CONVERSION = YES_AGGRESSIVE;
				CLANG_CXX_LANGUAGE_STANDARD = "gnu++20";
				CLANG_ENABLE_MODULES = YES;
				CLANG_ENABLE_OBJC_ARC = YES;
				CLANG_ENABLE_OBJC_WEAK = YES;
				CLANG_WARN_BLOCK_CAPTURE_AUTORELEASING = YES;
				CLANG_WARN_BOOL_CONVERSION = YES;
				CLANG_WARN_COMMA = YES;
				CLANG_WARN_CONSTANT_CONVERSION = YES;
				CLANG_WARN_DEPRECATED_OBJC_IMPLEMENTATIONS = YES;
				CLANG_WARN_DIRECT_OBJC_ISA_USAGE = YES_ERROR;
				CLANG_WARN_DOCUMENTATION_COMMENTS = YES;
				CLANG_WARN_EMPTY_BODY = YES;
				CLANG_WARN_ENUM_CONVERSION = YES;
				CLANG_WARN_INFINITE_RECURSION = YES;
				CLANG_WARN_INT_CONVERSION = YES;
				CLANG_WARN_NON_LITERAL_NULL_CONVERSION = YES;
				CLANG_WARN_OBJC_IMPLICIT_RETAIN_SELF = YES;
				CLANG_WARN_OBJC_LITERAL_CONVERSION = YES;
				CLANG_WARN_OBJC_ROOT_CLASS = YES_ERROR;
				CLANG_WARN_QUOTED_INCLUDE_IN_FRAMEWORK_HEADER = YES;
				CLANG_WARN_RANGE_LOOP_ANALYSIS = YES;
				CLANG_WARN_STRICT_PROTOTYPES = YES;
				CLANG_WARN_SUSPICIOUS_MOVE = YES;
				CLANG_WARN_UNGUARDED_AVAILABILITY = YES_AGGRESSIVE;
				CLANG_WARN_UNREACHABLE_CODE = YES;
				CLANG_WARN__DUPLICATE_METHOD_MATCH = YES;
				COPY_PHASE_STRIP = NO;
				DEBUG_INFORMATION_FORMAT = "dwarf-with-dsym";
				ENABLE_NS_ASSERTIONS = NO;
				ENABLE_STRICT_OBJC_MSGSEND = YES;
				ENABLE_USER_SCRIPT_SANDBOXING = YES;
				GCC_C_LANGUAGE_STANDARD = gnu17;
				GCC_NO_COMMON_BLOCKS = YES;
				GCC_WARN_64_TO_32_BIT_CONVERSION = YES;
				GCC_WARN_ABOUT_RETURN_TYPE = YES_ERROR;
				GCC_WARN_UNDECLARED_SELECTOR = YES;
				GCC_WARN_UNINITIALIZED_AUTOS = YES_AGGRESSIVE;
				GCC_WARN_UNUSED_FUNCTION = YES;
				GCC_WARN_UNUSED_VARIABLE = YES;
				IPHONEOS_DEPLOYMENT_TARGET = 18.0;
				LOCALIZATION_PREFERS_STRING_CATALOGS = YES;
				MTL_ENABLE_DEBUG_INFO = NO;
				MTL_FAST_MATH = YES;
				SDKROOT = iphoneos;
				SWIFT_COMPILATION_MODE = wholemodule;
				VALIDATE_PRODUCT = YES;
			};
			name = Release;
		};
		2F4259422CEF8714007D3CC0 /* Debug */ = {
			isa = XCBuildConfiguration;
			buildSettings = {
				ASSETCATALOG_COMPILER_APPICON_NAME = AppIcon;
				ASSETCATALOG_COMPILER_GLOBAL_ACCENT_COLOR_NAME = AccentColor;
				CODE_SIGN_STYLE = Automatic;
				CURRENT_PROJECT_VERSION = 1;
				DEVELOPMENT_ASSET_PATHS = "\"Examen Moviles/Preview Content\"";
				DEVELOPMENT_TEAM = 6ZFN846F54;
				ENABLE_PREVIEWS = YES;
				GENERATE_INFOPLIST_FILE = YES;
				INFOPLIST_KEY_UIApplicationSceneManifest_Generation = YES;
				INFOPLIST_KEY_UIApplicationSupportsIndirectInputEvents = YES;
				INFOPLIST_KEY_UILaunchScreen_Generation = YES;
				INFOPLIST_KEY_UISupportedInterfaceOrientations_iPad = "UIInterfaceOrientationPortrait UIInterfaceOrientationPortraitUpsideDown UIInterfaceOrientationLandscapeLeft UIInterfaceOrientationLandscapeRight";
				INFOPLIST_KEY_UISupportedInterfaceOrientations_iPhone = "UIInterfaceOrientationPortrait UIInterfaceOrientationLandscapeLeft UIInterfaceOrientationLandscapeRight";
				LD_RUNPATH_SEARCH_PATHS = (
					"$(inherited)",
					"@executable_path/Frameworks",
				);
				MARKETING_VERSION = 1.0;
				PRODUCT_BUNDLE_IDENTIFIER = "com.example.Examen-Moviles";
				PRODUCT_NAME = "$(TARGET_NAME)";
				SWIFT_EMIT_LOC_STRINGS = YES;
				SWIFT_VERSION = 5.0;
				TARGETED_DEVICE_FAMILY = "1,2";
			};
			name = Debug;
		};
		2F4259432CEF8714007D3CC0 /* Release */ = {
			isa = XCBuildConfiguration;
			buildSettings = {
				ASSETCATALOG_COMPILER_APPICON_NAME = AppIcon;
				ASSETCATALOG_COMPILER_GLOBAL_ACCENT_COLOR_NAME = AccentColor;
				CODE_SIGN_STYLE = Automatic;
				CURRENT_PROJECT_VERSION = 1;
				DEVELOPMENT_ASSET_PATHS = "\"Examen Moviles/Preview Content\"";
				DEVELOPMENT_TEAM = 6ZFN846F54;
				ENABLE_PREVIEWS = YES;
				GENERATE_INFOPLIST_FILE = YES;
				INFOPLIST_KEY_UIApplicationSceneManifest_Generation = YES;
				INFOPLIST_KEY_UIApplicationSupportsIndirectInputEvents = YES;
				INFOPLIST_KEY_UILaunchScreen_Generation = YES;
				INFOPLIST_KEY_UISupportedInterfaceOrientations_iPad = "UIInterfaceOrientationPortrait UIInterfaceOrientationPortraitUpsideDown UIInterfaceOrientationLandscapeLeft UIInterfaceOrientationLandscapeRight";
				INFOPLIST_KEY_UISupportedInterfaceOrientations_iPhone = "UIInterfaceOrientationPortrait UIInterfaceOrientationLandscapeLeft UIInterfaceOrientationLandscapeRight";
				LD_RUNPATH_SEARCH_PATHS = (
					"$(inherited)",
					"@executable_path/Frameworks",
				);
				MARKETING_VERSION = 1.0;
				PRODUCT_BUNDLE_IDENTIFIER = "com.example.Examen-Moviles";
				PRODUCT_NAME = "$(TARGET_NAME)";
				SWIFT_EMIT_LOC_STRINGS = YES;
				SWIFT_VERSION = 5.0;
				TARGETED_DEVICE_FAMILY = "1,2";
			};
			name = Release;
		};
		2F4259452CEF8714007D3CC0 /* Debug */ = {
			isa = XCBuildConfiguration;
			buildSettings = {
				BUNDLE_LOADER = "$(TEST_HOST)";
				CODE_SIGN_STYLE = Automatic;
				CURRENT_PROJECT_VERSION = 1;
				DEVELOPMENT_TEAM = 6ZFN846F54;
				GENERATE_INFOPLIST_FILE = YES;
				IPHONEOS_DEPLOYMENT_TARGET = 18.0;
				MARKETING_VERSION = 1.0;
				PRODUCT_BUNDLE_IDENTIFIER = "com.example.Examen-MovilesTests";
				PRODUCT_NAME = "$(TARGET_NAME)";
				SWIFT_EMIT_LOC_STRINGS = NO;
				SWIFT_VERSION = 5.0;
				TARGETED_DEVICE_FAMILY = "1,2";
				TEST_HOST = "$(BUILT_PRODUCTS_DIR)/Examen Moviles.app/$(BUNDLE_EXECUTABLE_FOLDER_PATH)/Examen Moviles";
			};
			name = Debug;
		};
		2F4259462CEF8714007D3CC0 /* Release */ = {
			isa = XCBuildConfiguration;
			buildSettings = {
				BUNDLE_LOADER = "$(TEST_HOST)";
				CODE_SIGN_STYLE = Automatic;
				CURRENT_PROJECT_VERSION = 1;
				DEVELOPMENT_TEAM = 6ZFN846F54;
				GENERATE_INFOPLIST_FILE = YES;
				IPHONEOS_DEPLOYMENT_TARGET = 18.0;
				MARKETING_VERSION = 1.0;
				PRODUCT_BUNDLE_IDENTIFIER = "com.example.Examen-MovilesTests";
				PRODUCT_NAME = "$(TARGET_NAME)";
				SWIFT_EMIT_LOC_STRINGS = NO;
				SWIFT_VERSION = 5.0;
				TARGETED_DEVICE_FAMILY = "1,2";
				TEST_HOST = "$(BUILT_PRODUCTS_DIR)/Examen Moviles.app/$(BUNDLE_EXECUTABLE_FOLDER_PATH)/Examen Moviles";
			};
			name = Release;
		};
		2F4259482CEF8714007D3CC0 /* Debug */ = {
			isa = XCBuildConfiguration;
			buildSettings = {
				CODE_SIGN_STYLE = Automatic;
				CURRENT_PROJECT_VERSION = 1;
				DEVELOPMENT_TEAM = 6ZFN846F54;
				GENERATE_INFOPLIST_FILE = YES;
				MARKETING_VERSION = 1.0;
				PRODUCT_BUNDLE_IDENTIFIER = "com.example.Examen-MovilesUITests";
				PRODUCT_NAME = "$(TARGET_NAME)";
				SWIFT_EMIT_LOC_STRINGS = NO;
				SWIFT_VERSION = 5.0;
				TARGETED_DEVICE_FAMILY = "1,2";
				TEST_TARGET_NAME = "Examen Moviles";
			};
			name = Debug;
		};
		2F4259492CEF8714007D3CC0 /* Release */ = {
			isa = XCBuildConfiguration;
			buildSettings = {
				CODE_SIGN_STYLE = Automatic;
				CURRENT_PROJECT_VERSION = 1;
				DEVELOPMENT_TEAM = 6ZFN846F54;
				GENERATE_INFOPLIST_FILE = YES;
				MARKETING_VERSION = 1.0;
				PRODUCT_BUNDLE_IDENTIFIER = "com.example.Examen-MovilesUITests";
				PRODUCT_NAME = "$(TARGET_NAME)";
				SWIFT_EMIT_LOC_STRINGS = NO;
				SWIFT_VERSION = 5.0;
				TARGETED_DEVICE_FAMILY = "1,2";
				TEST_TARGET_NAME = "Examen Moviles";
			};
			name = Release;
		};
/* End XCBuildConfiguration section */

/* Begin XCConfigurationList section */
		2F4259182CEF8710007D3CC0 /* Build configuration list for PBXProject "Examen Moviles" */ = {
			isa = XCConfigurationList;
			buildConfigurations = (
				2F42593F2CEF8714007D3CC0 /* Debug */,
				2F4259402CEF8714007D3CC0 /* Release */,
			);
			defaultConfigurationIsVisible = 0;
			defaultConfigurationName = Release;
		};
		2F4259412CEF8714007D3CC0 /* Build configuration list for PBXNativeTarget "Examen Moviles" */ = {
			isa = XCConfigurationList;
			buildConfigurations = (
				2F4259422CEF8714007D3CC0 /* Debug */,
				2F4259432CEF8714007D3CC0 /* Release */,
			);
			defaultConfigurationIsVisible = 0;
			defaultConfigurationName = Release;
		};
		2F4259442CEF8714007D3CC0 /* Build configuration list for PBXNativeTarget "Examen MovilesTests" */ = {
			isa = XCConfigurationList;
			buildConfigurations = (
				2F4259452CEF8714007D3CC0 /* Debug */,
				2F4259462CEF8714007D3CC0 /* Release */,
			);
			defaultConfigurationIsVisible = 0;
			defaultConfigurationName = Release;
		};
		2F4259472CEF8714007D3CC0 /* Build configuration list for PBXNativeTarget "Examen MovilesUITests" */ = {
			isa = XCConfigurationList;
			buildConfigurations = (
				2F4259482CEF8714007D3CC0 /* Debug */,
				2F4259492CEF8714007D3CC0 /* Release */,
			);
			defaultConfigurationIsVisible = 0;
			defaultConfigurationName = Release;
		};
/* End XCConfigurationList section */

/* Begin XCRemoteSwiftPackageReference section */
		2FD9631D2CEF8FC3002C4570 /* XCRemoteSwiftPackageReference "Parse-SDK-iOS-OSX" */ = {
			isa = XCRemoteSwiftPackageReference;
			repositoryURL = "https://github.com/parse-community/Parse-SDK-iOS-OSX";
			requirement = {
				kind = upToNextMajorVersion;
				minimumVersion = 4.1.2;
			};
		};
		2FD9638E2CEFCFBC002C4570 /* XCRemoteSwiftPackageReference "FlowStacks" */ = {
			isa = XCRemoteSwiftPackageReference;
			repositoryURL = "https://github.com/johnpatrickmorgan/FlowStacks";
			requirement = {
				kind = upToNextMajorVersion;
				minimumVersion = 0.8.3;
			};
		};
/* End XCRemoteSwiftPackageReference section */

/* Begin XCSwiftPackageProductDependency section */
		2FD9631E2CEF8FC3002C4570 /* ParseLiveQuery */ = {
			isa = XCSwiftPackageProductDependency;
			package = 2FD9631D2CEF8FC3002C4570 /* XCRemoteSwiftPackageReference "Parse-SDK-iOS-OSX" */;
			productName = ParseLiveQuery;
		};
		2FD963202CEF8FC3002C4570 /* ParseObjC */ = {
			isa = XCSwiftPackageProductDependency;
			package = 2FD9631D2CEF8FC3002C4570 /* XCRemoteSwiftPackageReference "Parse-SDK-iOS-OSX" */;
			productName = ParseObjC;
		};
		2FD9638F2CEFCFBC002C4570 /* FlowStacks */ = {
			isa = XCSwiftPackageProductDependency;
			package = 2FD9638E2CEFCFBC002C4570 /* XCRemoteSwiftPackageReference "FlowStacks" */;
			productName = FlowStacks;
		};
/* End XCSwiftPackageProductDependency section */
	};
	rootObject = 2F4259152CEF8710007D3CC0 /* Project object */;
}
